// !$*UTF8*$!
{
	archiveVersion = 1;
	classes = {
	};
	objectVersion = 50;
	objects = {

/* Begin PBXBuildFile section */
		F151B20524ACB77F001E5972 /* AppDelegate.swift in Sources */ = {isa = PBXBuildFile; fileRef = F151B20424ACB77F001E5972 /* AppDelegate.swift */; };
		F151B20724ACB77F001E5972 /* SceneDelegate.swift in Sources */ = {isa = PBXBuildFile; fileRef = F151B20624ACB77F001E5972 /* SceneDelegate.swift */; };
		F151B20A24ACB77F001E5972 /* Bookworm.xcdatamodeld in Sources */ = {isa = PBXBuildFile; fileRef = F151B20824ACB77F001E5972 /* Bookworm.xcdatamodeld */; };
		F151B20C24ACB77F001E5972 /* ContentView.swift in Sources */ = {isa = PBXBuildFile; fileRef = F151B20B24ACB77F001E5972 /* ContentView.swift */; };
		F151B20E24ACB782001E5972 /* Assets.xcassets in Resources */ = {isa = PBXBuildFile; fileRef = F151B20D24ACB782001E5972 /* Assets.xcassets */; };
		F151B21124ACB782001E5972 /* Preview Assets.xcassets in Resources */ = {isa = PBXBuildFile; fileRef = F151B21024ACB782001E5972 /* Preview Assets.xcassets */; };
		F151B21424ACB782001E5972 /* LaunchScreen.storyboard in Resources */ = {isa = PBXBuildFile; fileRef = F151B21224ACB782001E5972 /* LaunchScreen.storyboard */; };
		F151B21C24AD0C28001E5972 /* AddBookView.swift in Sources */ = {isa = PBXBuildFile; fileRef = F151B21B24AD0C28001E5972 /* AddBookView.swift */; };
		F151B21E24AD266A001E5972 /* RatingView.swift in Sources */ = {isa = PBXBuildFile; fileRef = F151B21D24AD266A001E5972 /* RatingView.swift */; };
		F151B22024AD2801001E5972 /* EmojiRatingView.swift in Sources */ = {isa = PBXBuildFile; fileRef = F151B21F24AD2801001E5972 /* EmojiRatingView.swift */; };
		F1A479AA24AF6EDF0015A6FB /* DetailView.swift in Sources */ = {isa = PBXBuildFile; fileRef = F1A479A924AF6EDF0015A6FB /* DetailView.swift */; };
/* End PBXBuildFile section */

/* Begin PBXFileReference section */
		F151B20124ACB77F001E5972 /* Bookworm.app */ = {isa = PBXFileReference; explicitFileType = wrapper.application; includeInIndex = 0; path = Bookworm.app; sourceTree = BUILT_PRODUCTS_DIR; };
		F151B20424ACB77F001E5972 /* AppDelegate.swift */ = {isa = PBXFileReference; lastKnownFileType = sourcecode.swift; path = AppDelegate.swift; sourceTree = "<group>"; };
		F151B20624ACB77F001E5972 /* SceneDelegate.swift */ = {isa = PBXFileReference; lastKnownFileType = sourcecode.swift; path = SceneDelegate.swift; sourceTree = "<group>"; };
		F151B20924ACB77F001E5972 /* Bookworm.xcdatamodel */ = {isa = PBXFileReference; lastKnownFileType = wrapper.xcdatamodel; path = Bookworm.xcdatamodel; sourceTree = "<group>"; };
		F151B20B24ACB77F001E5972 /* ContentView.swift */ = {isa = PBXFileReference; lastKnownFileType = sourcecode.swift; path = ContentView.swift; sourceTree = "<group>"; };
		F151B20D24ACB782001E5972 /* Assets.xcassets */ = {isa = PBXFileReference; lastKnownFileType = folder.assetcatalog; path = Assets.xcassets; sourceTree = "<group>"; };
		F151B21024ACB782001E5972 /* Preview Assets.xcassets */ = {isa = PBXFileReference; lastKnownFileType = folder.assetcatalog; path = "Preview Assets.xcassets"; sourceTree = "<group>"; };
		F151B21324ACB782001E5972 /* Base */ = {isa = PBXFileReference; lastKnownFileType = file.storyboard; name = Base; path = Base.lproj/LaunchScreen.storyboard; sourceTree = "<group>"; };
		F151B21524ACB782001E5972 /* Info.plist */ = {isa = PBXFileReference; lastKnownFileType = text.plist.xml; path = Info.plist; sourceTree = "<group>"; };
		F151B21B24AD0C28001E5972 /* AddBookView.swift */ = {isa = PBXFileReference; lastKnownFileType = sourcecode.swift; path = AddBookView.swift; sourceTree = "<group>"; };
		F151B21D24AD266A001E5972 /* RatingView.swift */ = {isa = PBXFileReference; lastKnownFileType = sourcecode.swift; path = RatingView.swift; sourceTree = "<group>"; };
		F151B21F24AD2801001E5972 /* EmojiRatingView.swift */ = {isa = PBXFileReference; lastKnownFileType = sourcecode.swift; path = EmojiRatingView.swift; sourceTree = "<group>"; };
		F1A479A924AF6EDF0015A6FB /* DetailView.swift */ = {isa = PBXFileReference; lastKnownFileType = sourcecode.swift; path = DetailView.swift; sourceTree = "<group>"; };
/* End PBXFileReference section */

/* Begin PBXFrameworksBuildPhase section */
		F151B1FE24ACB77F001E5972 /* Frameworks */ = {
			isa = PBXFrameworksBuildPhase;
			buildActionMask = 2147483647;
			files = (
			);
			runOnlyForDeploymentPostprocessing = 0;
		};
/* End PBXFrameworksBuildPhase section */

/* Begin PBXGroup section */
		F151B1F824ACB77F001E5972 = {
			isa = PBXGroup;
			children = (
				F151B20324ACB77F001E5972 /* Bookworm */,
				F151B20224ACB77F001E5972 /* Products */,
			);
			sourceTree = "<group>";
		};
		F151B20224ACB77F001E5972 /* Products */ = {
			isa = PBXGroup;
			children = (
				F151B20124ACB77F001E5972 /* Bookworm.app */,
			);
			name = Products;
			sourceTree = "<group>";
		};
		F151B20324ACB77F001E5972 /* Bookworm */ = {
			isa = PBXGroup;
			children = (
				F151B20424ACB77F001E5972 /* AppDelegate.swift */,
				F151B20624ACB77F001E5972 /* SceneDelegate.swift */,
				F151B20B24ACB77F001E5972 /* ContentView.swift */,
				F1A479A924AF6EDF0015A6FB /* DetailView.swift */,
				F151B21B24AD0C28001E5972 /* AddBookView.swift */,
				F151B21F24AD2801001E5972 /* EmojiRatingView.swift */,
				F151B21D24AD266A001E5972 /* RatingView.swift */,
				F151B20D24ACB782001E5972 /* Assets.xcassets */,
				F151B21224ACB782001E5972 /* LaunchScreen.storyboard */,
				F151B21524ACB782001E5972 /* Info.plist */,
				F151B20824ACB77F001E5972 /* Bookworm.xcdatamodeld */,
				F151B20F24ACB782001E5972 /* Preview Content */,
			);
			path = Bookworm;
			sourceTree = "<group>";
		};
		F151B20F24ACB782001E5972 /* Preview Content */ = {
			isa = PBXGroup;
			children = (
				F151B21024ACB782001E5972 /* Preview Assets.xcassets */,
			);
			path = "Preview Content";
			sourceTree = "<group>";
		};
/* End PBXGroup section */

/* Begin PBXNativeTarget section */
		F151B20024ACB77F001E5972 /* Bookworm */ = {
			isa = PBXNativeTarget;
			buildConfigurationList = F151B21824ACB782001E5972 /* Build configuration list for PBXNativeTarget "Bookworm" */;
			buildPhases = (
				F151B1FD24ACB77F001E5972 /* Sources */,
				F151B1FE24ACB77F001E5972 /* Frameworks */,
				F151B1FF24ACB77F001E5972 /* Resources */,
			);
			buildRules = (
			);
			dependencies = (
			);
			name = Bookworm;
			productName = Bookworm;
			productReference = F151B20124ACB77F001E5972 /* Bookworm.app */;
			productType = "com.apple.product-type.application";
		};
/* End PBXNativeTarget section */

/* Begin PBXProject section */
		F151B1F924ACB77F001E5972 /* Project object */ = {
			isa = PBXProject;
			attributes = {
				LastSwiftUpdateCheck = 1150;
				LastUpgradeCheck = 1200;
				ORGANIZATIONNAME = "алтынпончик";
				TargetAttributes = {
					F151B20024ACB77F001E5972 = {
						CreatedOnToolsVersion = 11.5;
					};
				};
			};
			buildConfigurationList = F151B1FC24ACB77F001E5972 /* Build configuration list for PBXProject "Bookworm" */;
			compatibilityVersion = "Xcode 9.3";
			developmentRegion = en;
			hasScannedForEncodings = 0;
			knownRegions = (
				en,
				Base,
			);
			mainGroup = F151B1F824ACB77F001E5972;
			productRefGroup = F151B20224ACB77F001E5972 /* Products */;
			projectDirPath = "";
			projectRoot = "";
			targets = (
				F151B20024ACB77F001E5972 /* Bookworm */,
			);
		};
/* End PBXProject section */

/* Begin PBXResourcesBuildPhase section */
		F151B1FF24ACB77F001E5972 /* Resources */ = {
			isa = PBXResourcesBuildPhase;
			buildActionMask = 2147483647;
			files = (
				F151B21424ACB782001E5972 /* LaunchScreen.storyboard in Resources */,
				F151B21124ACB782001E5972 /* Preview Assets.xcassets in Resources */,
				F151B20E24ACB782001E5972 /* Assets.xcassets in Resources */,
			);
			runOnlyForDeploymentPostprocessing = 0;
		};
/* End PBXResourcesBuildPhase section */

/* Begin PBXSourcesBuildPhase section */
		F151B1FD24ACB77F001E5972 /* Sources */ = {
			isa = PBXSourcesBuildPhase;
			buildActionMask = 2147483647;
			files = (
				F151B20524ACB77F001E5972 /* AppDelegate.swift in Sources */,
				F1A479AA24AF6EDF0015A6FB /* DetailView.swift in Sources */,
				F151B20A24ACB77F001E5972 /* Bookworm.xcdatamodeld in Sources */,
				F151B22024AD2801001E5972 /* EmojiRatingView.swift in Sources */,
				F151B20C24ACB77F001E5972 /* ContentView.swift in Sources */,
				F151B21E24AD266A001E5972 /* RatingView.swift in Sources */,
				F151B20724ACB77F001E5972 /* SceneDelegate.swift in Sources */,
				F151B21C24AD0C28001E5972 /* AddBookView.swift in Sources */,
			);
			runOnlyForDeploymentPostprocessing = 0;
		};
/* End PBXSourcesBuildPhase section */

/* Begin PBXVariantGroup section */
		F151B21224ACB782001E5972 /* LaunchScreen.storyboard */ = {
			isa = PBXVariantGroup;
			children = (
				F151B21324ACB782001E5972 /* Base */,
			);
			name = LaunchScreen.storyboard;
			sourceTree = "<group>";
		};
/* End PBXVariantGroup section */

/* Begin XCBuildConfiguration section */
		F151B21624ACB782001E5972 /* Debug */ = {
			isa = XCBuildConfiguration;
			buildSettings = {
				ALWAYS_SEARCH_USER_PATHS = NO;
				CLANG_ANALYZER_NONNULL = YES;
				CLANG_ANALYZER_NUMBER_OBJECT_CONVERSION = YES_AGGRESSIVE;
				CLANG_CXX_LANGUAGE_STANDARD = "gnu++14";
				CLANG_CXX_LIBRARY = "libc++";
				CLANG_ENABLE_MODULES = YES;
				CLANG_ENABLE_OBJC_ARC = YES;
				CLANG_ENABLE_OBJC_WEAK = YES;
				CLANG_WARN_BLOCK_CAPTURE_AUTORELEASING = YES;
				CLANG_WARN_BOOL_CONVERSION = YES;
				CLANG_WARN_COMMA = YES;
				CLANG_WARN_CONSTANT_CONVERSION = YES;
				CLANG_WARN_DEPRECATED_OBJC_IMPLEMENTATIONS = YES;
				CLANG_WARN_DIRECT_OBJC_ISA_USAGE = YES_ERROR;
				CLANG_WARN_DOCUMENTATION_COMMENTS = YES;
				CLANG_WARN_EMPTY_BODY = YES;
				CLANG_WARN_ENUM_CONVERSION = YES;
				CLANG_WARN_INFINITE_RECURSION = YES;
				CLANG_WARN_INT_CONVERSION = YES;
				CLANG_WARN_NON_LITERAL_NULL_CONVERSION = YES;
				CLANG_WARN_OBJC_IMPLICIT_RETAIN_SELF = YES;
				CLANG_WARN_OBJC_LITERAL_CONVERSION = YES;
				CLANG_WARN_OBJC_ROOT_CLASS = YES_ERROR;
				CLANG_WARN_QUOTED_INCLUDE_IN_FRAMEWORK_HEADER = YES;
				CLANG_WARN_RANGE_LOOP_ANALYSIS = YES;
				CLANG_WARN_STRICT_PROTOTYPES = YES;
				CLANG_WARN_SUSPICIOUS_MOVE = YES;
				CLANG_WARN_UNGUARDED_AVAILABILITY = YES_AGGRESSIVE;
				CLANG_WARN_UNREACHABLE_CODE = YES;
				CLANG_WARN__DUPLICATE_METHOD_MATCH = YES;
				COPY_PHASE_STRIP = NO;
				DEBUG_INFORMATION_FORMAT = dwarf;
				ENABLE_STRICT_OBJC_MSGSEND = YES;
				ENABLE_TESTABILITY = YES;
				GCC_C_LANGUAGE_STANDARD = gnu11;
				GCC_DYNAMIC_NO_PIC = NO;
				GCC_NO_COMMON_BLOCKS = YES;
				GCC_OPTIMIZATION_LEVEL = 0;
				GCC_PREPROCESSOR_DEFINITIONS = (
					"DEBUG=1",
					"$(inherited)",
				);
				GCC_WARN_64_TO_32_BIT_CONVERSION = YES;
				GCC_WARN_ABOUT_RETURN_TYPE = YES_ERROR;
				GCC_WARN_UNDECLARED_SELECTOR = YES;
				GCC_WARN_UNINITIALIZED_AUTOS = YES_AGGRESSIVE;
				GCC_WARN_UNUSED_FUNCTION = YES;
				GCC_WARN_UNUSED_VARIABLE = YES;
				IPHONEOS_DEPLOYMENT_TARGET = 13.5;
				MTL_ENABLE_DEBUG_INFO = INCLUDE_SOURCE;
				MTL_FAST_MATH = YES;
				ONLY_ACTIVE_ARCH = YES;
				SDKROOT = iphoneos;
				SWIFT_ACTIVE_COMPILATION_CONDITIONS = DEBUG;
				SWIFT_OPTIMIZATION_LEVEL = "-Onone";
			};
			name = Debug;
		};
		F151B21724ACB782001E5972 /* Release */ = {
			isa = XCBuildConfiguration;
			buildSettings = {
				ALWAYS_SEARCH_USER_PATHS = NO;
				CLANG_ANALYZER_NONNULL = YES;
				CLANG_ANALYZER_NUMBER_OBJECT_CONVERSION = YES_AGGRESSIVE;
				CLANG_CXX_LANGUAGE_STANDARD = "gnu++14";
				CLANG_CXX_LIBRARY = "libc++";
				CLANG_ENABLE_MODULES = YES;
				CLANG_ENABLE_OBJC_ARC = YES;
				CLANG_ENABLE_OBJC_WEAK = YES;
				CLANG_WARN_BLOCK_CAPTURE_AUTORELEASING = YES;
				CLANG_WARN_BOOL_CONVERSION = YES;
				CLANG_WARN_COMMA = YES;
				CLANG_WARN_CONSTANT_CONVERSION = YES;
				CLANG_WARN_DEPRECATED_OBJC_IMPLEMENTATIONS = YES;
				CLANG_WARN_DIRECT_OBJC_ISA_USAGE = YES_ERROR;
				CLANG_WARN_DOCUMENTATION_COMMENTS = YES;
				CLANG_WARN_EMPTY_BODY = YES;
				CLANG_WARN_ENUM_CONVERSION = YES;
				CLANG_WARN_INFINITE_RECURSION = YES;
				CLANG_WARN_INT_CONVERSION = YES;
				CLANG_WARN_NON_LITERAL_NULL_CONVERSION = YES;
				CLANG_WARN_OBJC_IMPLICIT_RETAIN_SELF = YES;
				CLANG_WARN_OBJC_LITERAL_CONVERSION = YES;
				CLANG_WARN_OBJC_ROOT_CLASS = YES_ERROR;
				CLANG_WARN_QUOTED_INCLUDE_IN_FRAMEWORK_HEADER = YES;
				CLANG_WARN_RANGE_LOOP_ANALYSIS = YES;
				CLANG_WARN_STRICT_PROTOTYPES = YES;
				CLANG_WARN_SUSPICIOUS_MOVE = YES;
				CLANG_WARN_UNGUARDED_AVAILABILITY = YES_AGGRESSIVE;
				CLANG_WARN_UNREACHABLE_CODE = YES;
				CLANG_WARN__DUPLICATE_METHOD_MATCH = YES;
				COPY_PHASE_STRIP = NO;
				DEBUG_INFORMATION_FORMAT = "dwarf-with-dsym";
				ENABLE_NS_ASSERTIONS = NO;
				ENABLE_STRICT_OBJC_MSGSEND = YES;
				GCC_C_LANGUAGE_STANDARD = gnu11;
				GCC_NO_COMMON_BLOCKS = YES;
				GCC_WARN_64_TO_32_BIT_CONVERSION = YES;
				GCC_WARN_ABOUT_RETURN_TYPE = YES_ERROR;
				GCC_WARN_UNDECLARED_SELECTOR = YES;
				GCC_WARN_UNINITIALIZED_AUTOS = YES_AGGRESSIVE;
				GCC_WARN_UNUSED_FUNCTION = YES;
				GCC_WARN_UNUSED_VARIABLE = YES;
				IPHONEOS_DEPLOYMENT_TARGET = 13.5;
				MTL_ENABLE_DEBUG_INFO = NO;
				MTL_FAST_MATH = YES;
				SDKROOT = iphoneos;
				SWIFT_COMPILATION_MODE = wholemodule;
				SWIFT_OPTIMIZATION_LEVEL = "-O";
				VALIDATE_PRODUCT = YES;
			};
			name = Release;
		};
		F151B21924ACB782001E5972 /* Debug */ = {
			isa = XCBuildConfiguration;
			buildSettings = {
				ASSETCATALOG_COMPILER_APPICON_NAME = AppIcon;
				CODE_SIGN_STYLE = Automatic;
				DEVELOPMENT_ASSET_PATHS = "\"Bookworm/Preview Content\"";
				DEVELOPMENT_TEAM = 6JW3YQAPPF;
				ENABLE_PREVIEWS = YES;
				INFOPLIST_FILE = Bookworm/Info.plist;
				LD_RUNPATH_SEARCH_PATHS = (
					"$(inherited)",
					"@executable_path/Frameworks",
				);
				PRODUCT_BUNDLE_IDENTIFIER = com.myrzaboi.Bookworm;
				PRODUCT_NAME = "$(TARGET_NAME)";
				SWIFT_VERSION = 5.0;
				TARGETED_DEVICE_FAMILY = "1,2";
			};
			name = Debug;
		};
		F151B21A24ACB782001E5972 /* Release */ = {
			isa = XCBuildConfiguration;
			buildSettings = {
				ASSETCATALOG_COMPILER_APPICON_NAME = AppIcon;
				CODE_SIGN_STYLE = Automatic;
				DEVELOPMENT_ASSET_PATHS = "\"Bookworm/Preview Content\"";
				DEVELOPMENT_TEAM = 6JW3YQAPPF;
				ENABLE_PREVIEWS = YES;
				INFOPLIST_FILE = Bookworm/Info.plist;
				LD_RUNPATH_SEARCH_PATHS = (
					"$(inherited)",
					"@executable_path/Frameworks",
				);
				PRODUCT_BUNDLE_IDENTIFIER = com.myrzaboi.Bookworm;
				PRODUCT_NAME = "$(TARGET_NAME)";
				SWIFT_VERSION = 5.0;
				TARGETED_DEVICE_FAMILY = "1,2";
			};
			name = Release;
		};
/* End XCBuildConfiguration section */

/* Begin XCConfigurationList section */
		F151B1FC24ACB77F001E5972 /* Build configuration list for PBXProject "Bookworm" */ = {
			isa = XCConfigurationList;
			buildConfigurations = (
				F151B21624ACB782001E5972 /* Debug */,
				F151B21724ACB782001E5972 /* Release */,
			);
			defaultConfigurationIsVisible = 0;
			defaultConfigurationName = Release;
		};
		F151B21824ACB782001E5972 /* Build configuration list for PBXNativeTarget "Bookworm" */ = {
			isa = XCConfigurationList;
			buildConfigurations = (
				F151B21924ACB782001E5972 /* Debug */,
				F151B21A24ACB782001E5972 /* Release */,
			);
			defaultConfigurationIsVisible = 0;
			defaultConfigurationName = Release;
		};
/* End XCConfigurationList section */

/* Begin XCVersionGroup section */
		F151B20824ACB77F001E5972 /* Bookworm.xcdatamodeld */ = {
			isa = XCVersionGroup;
			children = (
				F151B20924ACB77F001E5972 /* Bookworm.xcdatamodel */,
			);
			currentVersion = F151B20924ACB77F001E5972 /* Bookworm.xcdatamodel */;
			path = Bookworm.xcdatamodeld;
			sourceTree = "<group>";
			versionGroupType = wrapper.xcdatamodel;
		};
/* End XCVersionGroup section */
	};
	rootObject = F151B1F924ACB77F001E5972 /* Project object */;
}
